
Microsoft Visual Studio Solution File, Format Version 12.00
# Visual Studio Version 17
VisualStudioVersion = 17.14.36221.1
MinimumVisualStudioVersion = 10.0.40219.1
Project("{FAE04EC0-301F-11D3-BF4B-00C04F79EFBC}") = "PokemonLLMBattle.Core", "PokemonLLMBattle.Core\PokemonLLMBattle.Core.csproj", "{0D84380C-1B3A-45A1-92B7-C592C079D583}"
EndProject
Project("{FAE04EC0-301F-11D3-BF4B-00C04F79EFBC}") = "PSBot", "PSBot\PSBot.csproj", "{FB40BECB-C2D1-4B9B-B4DD-AA97EBC0CF1A}"
EndProject
Project("{FAE04EC0-301F-11D3-BF4B-00C04F79EFBC}") = "BotExpSummary", "BotExpSummary\BotExpSummary.csproj", "{767D86BD-3E74-4CFC-881B-4BA902ADFC4A}"
EndProject
Global
	GlobalSection(SolutionConfigurationPlatforms) = preSolution
		Debug|Any CPU = Debug|Any CPU
		Release|Any CPU = Release|Any CPU
	EndGlobalSection
	GlobalSection(ProjectConfigurationPlatforms) = postSolution
		{0D84380C-1B3A-45A1-92B7-C592C079D583}.Debug|Any CPU.ActiveCfg = Debug|Any CPU
		{0D84380C-1B3A-45A1-92B7-C592C079D583}.Debug|Any CPU.Build.0 = Debug|Any CPU
		{0D84380C-1B3A-45A1-92B7-C592C079D583}.Release|Any CPU.ActiveCfg = Release|Any CPU
		{0D84380C-1B3A-45A1-92B7-C592C079D583}.Release|Any CPU.Build.0 = Release|Any CPU
		{FB40BECB-C2D1-4B9B-B4DD-AA97EBC0CF1A}.Debug|Any CPU.ActiveCfg = Debug|Any CPU
		{FB40BECB-C2D1-4B9B-B4DD-AA97EBC0CF1A}.Debug|Any CPU.Build.0 = Debug|Any CPU
		{FB40BECB-C2D1-4B9B-B4DD-AA97EBC0CF1A}.Release|Any CPU.ActiveCfg = Release|Any CPU
		{FB40BECB-C2D1-4B9B-B4DD-AA97EBC0CF1A}.Release|Any CPU.Build.0 = Release|Any CPU
		{767D86BD-3E74-4CFC-881B-4BA902ADFC4A}.Debug|Any CPU.ActiveCfg = Debug|Any CPU
		{767D86BD-3E74-4CFC-881B-4BA902ADFC4A}.Debug|Any CPU.Build.0 = Debug|Any CPU
		{767D86BD-3E74-4CFC-881B-4BA902ADFC4A}.Release|Any CPU.ActiveCfg = Release|Any CPU
		{767D86BD-3E74-4CFC-881B-4BA902ADFC4A}.Release|Any CPU.Build.0 = Release|Any CPU
	EndGlobalSection
	GlobalSection(SolutionProperties) = preSolution
		HideSolutionNode = FALSE
	EndGlobalSection
	GlobalSection(ExtensibilityGlobals) = postSolution
		SolutionGuid = {BF4EF3BE-3146-45AB-93FE-6194AE0C766B}
	EndGlobalSection
EndGlobal
